// !$*UTF8*$!
{
	archiveVersion = 1;
	classes = {
	};
	objectVersion = 56;
	objects = {

/* Begin PBXBuildFile section */
		33A04F3E2DCD381100AD9806 /* HomeScreen.swift in Sources */ = {isa = PBXBuildFile; fileRef = 33A04F3D2DCD381100AD9806 /* HomeScreen.swift */; };
		33A04F452DCD474A00AD9806 /* MapView.swift in Sources */ = {isa = PBXBuildFile; fileRef = 33A04F442DCD474A00AD9806 /* MapView.swift */; };
		33CBB8D52D80ADF6003582F2 /* DePropioApp.swift in Sources */ = {isa = PBXBuildFile; fileRef = 33CBB8D42D80ADF6003582F2 /* DePropioApp.swift */; };
		33CBB8D72D80ADF6003582F2 /* ContentView.swift in Sources */ = {isa = PBXBuildFile; fileRef = 33CBB8D62D80ADF6003582F2 /* ContentView.swift */; };
		33CBB8DB2D80ADF8003582F2 /* Assets.xcassets in Resources */ = {isa = PBXBuildFile; fileRef = 33CBB8DA2D80ADF8003582F2 /* Assets.xcassets */; };
		33CBB8DE2D80ADF8003582F2 /* Preview Assets.xcassets in Resources */ = {isa = PBXBuildFile; fileRef = 33CBB8DD2D80ADF8003582F2 /* Preview Assets.xcassets */; };
		33CBB8E82D80ADF8003582F2 /* DePropioTests.swift in Sources */ = {isa = PBXBuildFile; fileRef = 33CBB8E72D80ADF8003582F2 /* DePropioTests.swift */; };
		33CBB8F22D80ADF8003582F2 /* DePropioUITests.swift in Sources */ = {isa = PBXBuildFile; fileRef = 33CBB8F12D80ADF8003582F2 /* DePropioUITests.swift */; };
		33CBB8F42D80ADF8003582F2 /* DePropioUITestsLaunchTests.swift in Sources */ = {isa = PBXBuildFile; fileRef = 33CBB8F32D80ADF8003582F2 /* DePropioUITestsLaunchTests.swift */; };
/* End PBXBuildFile section */

/* Begin PBXContainerItemProxy section */
		33CBB8E42D80ADF8003582F2 /* PBXContainerItemProxy */ = {
			isa = PBXContainerItemProxy;
			containerPortal = 33CBB8C92D80ADF6003582F2 /* Project object */;
			proxyType = 1;
			remoteGlobalIDString = 33CBB8D02D80ADF6003582F2;
			remoteInfo = DePropio;
		};
		33CBB8EE2D80ADF8003582F2 /* PBXContainerItemProxy */ = {
			isa = PBXContainerItemProxy;
			containerPortal = 33CBB8C92D80ADF6003582F2 /* Project object */;
			proxyType = 1;
			remoteGlobalIDString = 33CBB8D02D80ADF6003582F2;
			remoteInfo = DePropio;
		};
/* End PBXContainerItemProxy section */

/* Begin PBXFileReference section */
		33A04F3D2DCD381100AD9806 /* HomeScreen.swift */ = {isa = PBXFileReference; lastKnownFileType = sourcecode.swift; path = HomeScreen.swift; sourceTree = "<group>"; };
		33A04F442DCD474A00AD9806 /* MapView.swift */ = {isa = PBXFileReference; lastKnownFileType = sourcecode.swift; path = MapView.swift; sourceTree = "<group>"; };
		33CBB8D12D80ADF6003582F2 /* DePropio.app */ = {isa = PBXFileReference; explicitFileType = wrapper.application; includeInIndex = 0; path = DePropio.app; sourceTree = BUILT_PRODUCTS_DIR; };
		33CBB8D42D80ADF6003582F2 /* DePropioApp.swift */ = {isa = PBXFileReference; lastKnownFileType = sourcecode.swift; path = DePropioApp.swift; sourceTree = "<group>"; };
		33CBB8D62D80ADF6003582F2 /* ContentView.swift */ = {isa = PBXFileReference; lastKnownFileType = sourcecode.swift; path = ContentView.swift; sourceTree = "<group>"; };
		33CBB8DA2D80ADF8003582F2 /* Assets.xcassets */ = {isa = PBXFileReference; lastKnownFileType = folder.assetcatalog; path = Assets.xcassets; sourceTree = "<group>"; };
		33CBB8DD2D80ADF8003582F2 /* Preview Assets.xcassets */ = {isa = PBXFileReference; lastKnownFileType = folder.assetcatalog; path = "Preview Assets.xcassets"; sourceTree = "<group>"; };
		33CBB8E32D80ADF8003582F2 /* DePropioTests.xctest */ = {isa = PBXFileReference; explicitFileType = wrapper.cfbundle; includeInIndex = 0; path = DePropioTests.xctest; sourceTree = BUILT_PRODUCTS_DIR; };
		33CBB8E72D80ADF8003582F2 /* DePropioTests.swift */ = {isa = PBXFileReference; lastKnownFileType = sourcecode.swift; path = DePropioTests.swift; sourceTree = "<group>"; };
		33CBB8ED2D80ADF8003582F2 /* DePropioUITests.xctest */ = {isa = PBXFileReference; explicitFileType = wrapper.cfbundle; includeInIndex = 0; path = DePropioUITests.xctest; sourceTree = BUILT_PRODUCTS_DIR; };
		33CBB8F12D80ADF8003582F2 /* DePropioUITests.swift */ = {isa = PBXFileReference; lastKnownFileType = sourcecode.swift; path = DePropioUITests.swift; sourceTree = "<group>"; };
		33CBB8F32D80ADF8003582F2 /* DePropioUITestsLaunchTests.swift */ = {isa = PBXFileReference; lastKnownFileType = sourcecode.swift; path = DePropioUITestsLaunchTests.swift; sourceTree = "<group>"; };
/* End PBXFileReference section */

/* Begin PBXFrameworksBuildPhase section */
		33CBB8CE2D80ADF6003582F2 /* Frameworks */ = {
			isa = PBXFrameworksBuildPhase;
			buildActionMask = 2147483647;
			files = (
			);
			runOnlyForDeploymentPostprocessing = 0;
		};
		33CBB8E02D80ADF8003582F2 /* Frameworks */ = {
			isa = PBXFrameworksBuildPhase;
			buildActionMask = 2147483647;
			files = (
			);
			runOnlyForDeploymentPostprocessing = 0;
		};
		33CBB8EA2D80ADF8003582F2 /* Frameworks */ = {
			isa = PBXFrameworksBuildPhase;
			buildActionMask = 2147483647;
			files = (
			);
			runOnlyForDeploymentPostprocessing = 0;
		};
/* End PBXFrameworksBuildPhase section */

/* Begin PBXGroup section */
		33A04F3B2DCD37F100AD9806 /* UI */ = {
			isa = PBXGroup;
			children = (
				33A04F432DCD473A00AD9806 /* Views */,
				33A04F3C2DCD37F900AD9806 /* Screens */,
			);
			path = UI;
			sourceTree = "<group>";
		};
		33A04F3C2DCD37F900AD9806 /* Screens */ = {
			isa = PBXGroup;
			children = (
				33A04F3D2DCD381100AD9806 /* HomeScreen.swift */,
			);
			path = Screens;
			sourceTree = "<group>";
		};
		33A04F432DCD473A00AD9806 /* Views */ = {
			isa = PBXGroup;
			children = (
				33A04F442DCD474A00AD9806 /* MapView.swift */,
			);
			path = Views;
			sourceTree = "<group>";
		};
		33CBB8C82D80ADF6003582F2 = {
			isa = PBXGroup;
			children = (
				33CBB8D32D80ADF6003582F2 /* DePropio */,
				33CBB8E62D80ADF8003582F2 /* DePropioTests */,
				33CBB8F02D80ADF8003582F2 /* DePropioUITests */,
				33CBB8D22D80ADF6003582F2 /* Products */,
			);
			sourceTree = "<group>";
		};
		33CBB8D22D80ADF6003582F2 /* Products */ = {
			isa = PBXGroup;
			children = (
				33CBB8D12D80ADF6003582F2 /* DePropio.app */,
				33CBB8E32D80ADF8003582F2 /* DePropioTests.xctest */,
				33CBB8ED2D80ADF8003582F2 /* DePropioUITests.xctest */,
			);
			name = Products;
			sourceTree = "<group>";
		};
		33CBB8D32D80ADF6003582F2 /* DePropio */ = {
			isa = PBXGroup;
			children = (
				33A04F3B2DCD37F100AD9806 /* UI */,
				33CBB8D42D80ADF6003582F2 /* DePropioApp.swift */,
				33CBB8D62D80ADF6003582F2 /* ContentView.swift */,
				33CBB8DA2D80ADF8003582F2 /* Assets.xcassets */,
				33CBB8DC2D80ADF8003582F2 /* Preview Content */,
			);
			path = DePropio;
			sourceTree = "<group>";
		};
		33CBB8DC2D80ADF8003582F2 /* Preview Content */ = {
			isa = PBXGroup;
			children = (
				33CBB8DD2D80ADF8003582F2 /* Preview Assets.xcassets */,
			);
			path = "Preview Content";
			sourceTree = "<group>";
		};
		33CBB8E62D80ADF8003582F2 /* DePropioTests */ = {
			isa = PBXGroup;
			children = (
				33CBB8E72D80ADF8003582F2 /* DePropioTests.swift */,
			);
			path = DePropioTests;
			sourceTree = "<group>";
		};
		33CBB8F02D80ADF8003582F2 /* DePropioUITests */ = {
			isa = PBXGroup;
			children = (
				33CBB8F12D80ADF8003582F2 /* DePropioUITests.swift */,
				33CBB8F32D80ADF8003582F2 /* DePropioUITestsLaunchTests.swift */,
			);
			path = DePropioUITests;
			sourceTree = "<group>";
		};
/* End PBXGroup section */

/* Begin PBXNativeTarget section */
		33CBB8D02D80ADF6003582F2 /* DePropio */ = {
			isa = PBXNativeTarget;
			buildConfigurationList = 33CBB8F72D80ADF8003582F2 /* Build configuration list for PBXNativeTarget "DePropio" */;
			buildPhases = (
				33CBB8CD2D80ADF6003582F2 /* Sources */,
				33CBB8CE2D80ADF6003582F2 /* Frameworks */,
				33CBB8CF2D80ADF6003582F2 /* Resources */,
			);
			buildRules = (
			);
			dependencies = (
			);
			name = DePropio;
			productName = DePropio;
			productReference = 33CBB8D12D80ADF6003582F2 /* DePropio.app */;
			productType = "com.apple.product-type.application";
		};
		33CBB8E22D80ADF8003582F2 /* DePropioTests */ = {
			isa = PBXNativeTarget;
			buildConfigurationList = 33CBB8FA2D80ADF8003582F2 /* Build configuration list for PBXNativeTarget "DePropioTests" */;
			buildPhases = (
				33CBB8DF2D80ADF8003582F2 /* Sources */,
				33CBB8E02D80ADF8003582F2 /* Frameworks */,
				33CBB8E12D80ADF8003582F2 /* Resources */,
			);
			buildRules = (
			);
			dependencies = (
				33CBB8E52D80ADF8003582F2 /* PBXTargetDependency */,
			);
			name = DePropioTests;
			productName = DePropioTests;
			productReference = 33CBB8E32D80ADF8003582F2 /* DePropioTests.xctest */;
			productType = "com.apple.product-type.bundle.unit-test";
		};
		33CBB8EC2D80ADF8003582F2 /* DePropioUITests */ = {
			isa = PBXNativeTarget;
			buildConfigurationList = 33CBB8FD2D80ADF8003582F2 /* Build configuration list for PBXNativeTarget "DePropioUITests" */;
			buildPhases = (
				33CBB8E92D80ADF8003582F2 /* Sources */,
				33CBB8EA2D80ADF8003582F2 /* Frameworks */,
				33CBB8EB2D80ADF8003582F2 /* Resources */,
			);
			buildRules = (
			);
			dependencies = (
				33CBB8EF2D80ADF8003582F2 /* PBXTargetDependency */,
			);
			name = DePropioUITests;
			productName = DePropioUITests;
			productReference = 33CBB8ED2D80ADF8003582F2 /* DePropioUITests.xctest */;
			productType = "com.apple.product-type.bundle.ui-testing";
		};
/* End PBXNativeTarget section */

/* Begin PBXProject section */
		33CBB8C92D80ADF6003582F2 /* Project object */ = {
			isa = PBXProject;
			attributes = {
				BuildIndependentTargetsInParallel = 1;
				LastSwiftUpdateCheck = 1520;
				LastUpgradeCheck = 1520;
				TargetAttributes = {
					33CBB8D02D80ADF6003582F2 = {
						CreatedOnToolsVersion = 15.2;
					};
					33CBB8E22D80ADF8003582F2 = {
						CreatedOnToolsVersion = 15.2;
						TestTargetID = 33CBB8D02D80ADF6003582F2;
					};
					33CBB8EC2D80ADF8003582F2 = {
						CreatedOnToolsVersion = 15.2;
						TestTargetID = 33CBB8D02D80ADF6003582F2;
					};
				};
			};
			buildConfigurationList = 33CBB8CC2D80ADF6003582F2 /* Build configuration list for PBXProject "DePropio" */;
			compatibilityVersion = "Xcode 14.0";
			developmentRegion = en;
			hasScannedForEncodings = 0;
			knownRegions = (
				en,
				Base,
			);
			mainGroup = 33CBB8C82D80ADF6003582F2;
			productRefGroup = 33CBB8D22D80ADF6003582F2 /* Products */;
			projectDirPath = "";
			projectRoot = "";
			targets = (
				33CBB8D02D80ADF6003582F2 /* DePropio */,
				33CBB8E22D80ADF8003582F2 /* DePropioTests */,
				33CBB8EC2D80ADF8003582F2 /* DePropioUITests */,
			);
		};
/* End PBXProject section */

/* Begin PBXResourcesBuildPhase section */
		33CBB8CF2D80ADF6003582F2 /* Resources */ = {
			isa = PBXResourcesBuildPhase;
			buildActionMask = 2147483647;
			files = (
				33CBB8DE2D80ADF8003582F2 /* Preview Assets.xcassets in Resources */,
				33CBB8DB2D80ADF8003582F2 /* Assets.xcassets in Resources */,
			);
			runOnlyForDeploymentPostprocessing = 0;
		};
		33CBB8E12D80ADF8003582F2 /* Resources */ = {
			isa = PBXResourcesBuildPhase;
			buildActionMask = 2147483647;
			files = (
			);
			runOnlyForDeploymentPostprocessing = 0;
		};
		33CBB8EB2D80ADF8003582F2 /* Resources */ = {
			isa = PBXResourcesBuildPhase;
			buildActionMask = 2147483647;
			files = (
			);
			runOnlyForDeploymentPostprocessing = 0;
		};
/* End PBXResourcesBuildPhase section */

/* Begin PBXSourcesBuildPhase section */
		33CBB8CD2D80ADF6003582F2 /* Sources */ = {
			isa = PBXSourcesBuildPhase;
			buildActionMask = 2147483647;
			files = (
				33A04F3E2DCD381100AD9806 /* HomeScreen.swift in Sources */,
				33A04F452DCD474A00AD9806 /* MapView.swift in Sources */,
				33CBB8D72D80ADF6003582F2 /* ContentView.swift in Sources */,
				33CBB8D52D80ADF6003582F2 /* DePropioApp.swift in Sources */,
			);
			runOnlyForDeploymentPostprocessing = 0;
		};
		33CBB8DF2D80ADF8003582F2 /* Sources */ = {
			isa = PBXSourcesBuildPhase;
			buildActionMask = 2147483647;
			files = (
				33CBB8E82D80ADF8003582F2 /* DePropioTests.swift in Sources */,
			);
			runOnlyForDeploymentPostprocessing = 0;
		};
		33CBB8E92D80ADF8003582F2 /* Sources */ = {
			isa = PBXSourcesBuildPhase;
			buildActionMask = 2147483647;
			files = (
				33CBB8F42D80ADF8003582F2 /* DePropioUITestsLaunchTests.swift in Sources */,
				33CBB8F22D80ADF8003582F2 /* DePropioUITests.swift in Sources */,
			);
			runOnlyForDeploymentPostprocessing = 0;
		};
/* End PBXSourcesBuildPhase section */

/* Begin PBXTargetDependency section */
		33CBB8E52D80ADF8003582F2 /* PBXTargetDependency */ = {
			isa = PBXTargetDependency;
			target = 33CBB8D02D80ADF6003582F2 /* DePropio */;
			targetProxy = 33CBB8E42D80ADF8003582F2 /* PBXContainerItemProxy */;
		};
		33CBB8EF2D80ADF8003582F2 /* PBXTargetDependency */ = {
			isa = PBXTargetDependency;
			target = 33CBB8D02D80ADF6003582F2 /* DePropio */;
			targetProxy = 33CBB8EE2D80ADF8003582F2 /* PBXContainerItemProxy */;
		};
/* End PBXTargetDependency section */

/* Begin XCBuildConfiguration section */
		33CBB8F52D80ADF8003582F2 /* Debug */ = {
			isa = XCBuildConfiguration;
			buildSettings = {
				ALWAYS_SEARCH_USER_PATHS = NO;
				ASSETCATALOG_COMPILER_GENERATE_SWIFT_ASSET_SYMBOL_EXTENSIONS = YES;
				CLANG_ANALYZER_NONNULL = YES;
				CLANG_ANALYZER_NUMBER_OBJECT_CONVERSION = YES_AGGRESSIVE;
				CLANG_CXX_LANGUAGE_STANDARD = "gnu++20";
				CLANG_ENABLE_MODULES = YES;
				CLANG_ENABLE_OBJC_ARC = YES;
				CLANG_ENABLE_OBJC_WEAK = YES;
				CLANG_WARN_BLOCK_CAPTURE_AUTORELEASING = YES;
				CLANG_WARN_BOOL_CONVERSION = YES;
				CLANG_WARN_COMMA = YES;
				CLANG_WARN_CONSTANT_CONVERSION = YES;
				CLANG_WARN_DEPRECATED_OBJC_IMPLEMENTATIONS = YES;
				CLANG_WARN_DIRECT_OBJC_ISA_USAGE = YES_ERROR;
				CLANG_WARN_DOCUMENTATION_COMMENTS = YES;
				CLANG_WARN_EMPTY_BODY = YES;
				CLANG_WARN_ENUM_CONVERSION = YES;
				CLANG_WARN_INFINITE_RECURSION = YES;
				CLANG_WARN_INT_CONVERSION = YES;
				CLANG_WARN_NON_LITERAL_NULL_CONVERSION = YES;
				CLANG_WARN_OBJC_IMPLICIT_RETAIN_SELF = YES;
				CLANG_WARN_OBJC_LITERAL_CONVERSION = YES;
				CLANG_WARN_OBJC_ROOT_CLASS = YES_ERROR;
				CLANG_WARN_QUOTED_INCLUDE_IN_FRAMEWORK_HEADER = YES;
				CLANG_WARN_RANGE_LOOP_ANALYSIS = YES;
				CLANG_WARN_STRICT_PROTOTYPES = YES;
				CLANG_WARN_SUSPICIOUS_MOVE = YES;
				CLANG_WARN_UNGUARDED_AVAILABILITY = YES_AGGRESSIVE;
				CLANG_WARN_UNREACHABLE_CODE = YES;
				CLANG_WARN__DUPLICATE_METHOD_MATCH = YES;
				COPY_PHASE_STRIP = NO;
				DEBUG_INFORMATION_FORMAT = dwarf;
				ENABLE_STRICT_OBJC_MSGSEND = YES;
				ENABLE_TESTABILITY = YES;
				ENABLE_USER_SCRIPT_SANDBOXING = YES;
				GCC_C_LANGUAGE_STANDARD = gnu17;
				GCC_DYNAMIC_NO_PIC = NO;
				GCC_NO_COMMON_BLOCKS = YES;
				GCC_OPTIMIZATION_LEVEL = 0;
				GCC_PREPROCESSOR_DEFINITIONS = (
					"DEBUG=1",
					"$(inherited)",
				);
				GCC_WARN_64_TO_32_BIT_CONVERSION = YES;
				GCC_WARN_ABOUT_RETURN_TYPE = YES_ERROR;
				GCC_WARN_UNDECLARED_SELECTOR = YES;
				GCC_WARN_UNINITIALIZED_AUTOS = YES_AGGRESSIVE;
				GCC_WARN_UNUSED_FUNCTION = YES;
				GCC_WARN_UNUSED_VARIABLE = YES;
				IPHONEOS_DEPLOYMENT_TARGET = 17.2;
				LOCALIZATION_PREFERS_STRING_CATALOGS = YES;
				MTL_ENABLE_DEBUG_INFO = INCLUDE_SOURCE;
				MTL_FAST_MATH = YES;
				ONLY_ACTIVE_ARCH = YES;
				SDKROOT = iphoneos;
				SWIFT_ACTIVE_COMPILATION_CONDITIONS = "DEBUG $(inherited)";
				SWIFT_OPTIMIZATION_LEVEL = "-Onone";
			};
			name = Debug;
		};
		33CBB8F62D80ADF8003582F2 /* Release */ = {
			isa = XCBuildConfiguration;
			buildSettings = {
				ALWAYS_SEARCH_USER_PATHS = NO;
				ASSETCATALOG_COMPILER_GENERATE_SWIFT_ASSET_SYMBOL_EXTENSIONS = YES;
				CLANG_ANALYZER_NONNULL = YES;
				CLANG_ANALYZER_NUMBER_OBJECT_CONVERSION = YES_AGGRESSIVE;
				CLANG_CXX_LANGUAGE_STANDARD = "gnu++20";
				CLANG_ENABLE_MODULES = YES;
				CLANG_ENABLE_OBJC_ARC = YES;
				CLANG_ENABLE_OBJC_WEAK = YES;
				CLANG_WARN_BLOCK_CAPTURE_AUTORELEASING = YES;
				CLANG_WARN_BOOL_CONVERSION = YES;
				CLANG_WARN_COMMA = YES;
				CLANG_WARN_CONSTANT_CONVERSION = YES;
				CLANG_WARN_DEPRECATED_OBJC_IMPLEMENTATIONS = YES;
				CLANG_WARN_DIRECT_OBJC_ISA_USAGE = YES_ERROR;
				CLANG_WARN_DOCUMENTATION_COMMENTS = YES;
				CLANG_WARN_EMPTY_BODY = YES;
				CLANG_WARN_ENUM_CONVERSION = YES;
				CLANG_WARN_INFINITE_RECURSION = YES;
				CLANG_WARN_INT_CONVERSION = YES;
				CLANG_WARN_NON_LITERAL_NULL_CONVERSION = YES;
				CLANG_WARN_OBJC_IMPLICIT_RETAIN_SELF = YES;
				CLANG_WARN_OBJC_LITERAL_CONVERSION = YES;
				CLANG_WARN_OBJC_ROOT_CLASS = YES_ERROR;
				CLANG_WARN_QUOTED_INCLUDE_IN_FRAMEWORK_HEADER = YES;
				CLANG_WARN_RANGE_LOOP_ANALYSIS = YES;
				CLANG_WARN_STRICT_PROTOTYPES = YES;
				CLANG_WARN_SUSPICIOUS_MOVE = YES;
				CLANG_WARN_UNGUARDED_AVAILABILITY = YES_AGGRESSIVE;
				CLANG_WARN_UNREACHABLE_CODE = YES;
				CLANG_WARN__DUPLICATE_METHOD_MATCH = YES;
				COPY_PHASE_STRIP = NO;
				DEBUG_INFORMATION_FORMAT = "dwarf-with-dsym";
				ENABLE_NS_ASSERTIONS = NO;
				ENABLE_STRICT_OBJC_MSGSEND = YES;
				ENABLE_USER_SCRIPT_SANDBOXING = YES;
				GCC_C_LANGUAGE_STANDARD = gnu17;
				GCC_NO_COMMON_BLOCKS = YES;
				GCC_WARN_64_TO_32_BIT_CONVERSION = YES;
				GCC_WARN_ABOUT_RETURN_TYPE = YES_ERROR;
				GCC_WARN_UNDECLARED_SELECTOR = YES;
				GCC_WARN_UNINITIALIZED_AUTOS = YES_AGGRESSIVE;
				GCC_WARN_UNUSED_FUNCTION = YES;
				GCC_WARN_UNUSED_VARIABLE = YES;
				IPHONEOS_DEPLOYMENT_TARGET = 17.2;
				LOCALIZATION_PREFERS_STRING_CATALOGS = YES;
				MTL_ENABLE_DEBUG_INFO = NO;
				MTL_FAST_MATH = YES;
				SDKROOT = iphoneos;
				SWIFT_COMPILATION_MODE = wholemodule;
				VALIDATE_PRODUCT = YES;
			};
			name = Release;
		};
		33CBB8F82D80ADF8003582F2 /* Debug */ = {
			isa = XCBuildConfiguration;
			buildSettings = {
				ASSETCATALOG_COMPILER_APPICON_NAME = AppIcon;
				ASSETCATALOG_COMPILER_GLOBAL_ACCENT_COLOR_NAME = AccentColor;
				CODE_SIGN_STYLE = Automatic;
				CURRENT_PROJECT_VERSION = 1;
				DEVELOPMENT_ASSET_PATHS = "\"DePropio/Preview Content\"";
				DEVELOPMENT_TEAM = WN6PVN54U6;
				ENABLE_PREVIEWS = YES;
				GENERATE_INFOPLIST_FILE = YES;
				INFOPLIST_KEY_NSLocationAlwaysAndWhenInUseUsageDescription = "Necesitamos conocer tu ubicación. Por favor, concedenos el acceso a tu ubicación.";
				INFOPLIST_KEY_UIApplicationSceneManifest_Generation = YES;
				INFOPLIST_KEY_UIApplicationSupportsIndirectInputEvents = YES;
				INFOPLIST_KEY_UILaunchScreen_Generation = YES;
				INFOPLIST_KEY_UISupportedInterfaceOrientations_iPad = "UIInterfaceOrientationPortrait UIInterfaceOrientationPortraitUpsideDown UIInterfaceOrientationLandscapeLeft UIInterfaceOrientationLandscapeRight";
				INFOPLIST_KEY_UISupportedInterfaceOrientations_iPhone = "UIInterfaceOrientationPortrait UIInterfaceOrientationLandscapeLeft UIInterfaceOrientationLandscapeRight";
				LD_RUNPATH_SEARCH_PATHS = (
					"$(inherited)",
					"@executable_path/Frameworks",
				);
				MARKETING_VERSION = 1.0;
				PRODUCT_BUNDLE_IDENTIFIER = danigm.DePropio;
				PRODUCT_NAME = "$(TARGET_NAME)";
				SWIFT_EMIT_LOC_STRINGS = YES;
				SWIFT_VERSION = 5.0;
				TARGETED_DEVICE_FAMILY = "1,2";
			};
			name = Debug;
		};
		33CBB8F92D80ADF8003582F2 /* Release */ = {
			isa = XCBuildConfiguration;
			buildSettings = {
				ASSETCATALOG_COMPILER_APPICON_NAME = AppIcon;
				ASSETCATALOG_COMPILER_GLOBAL_ACCENT_COLOR_NAME = AccentColor;
				CODE_SIGN_STYLE = Automatic;
				CURRENT_PROJECT_VERSION = 1;
				DEVELOPMENT_ASSET_PATHS = "\"DePropio/Preview Content\"";
				DEVELOPMENT_TEAM = WN6PVN54U6;
				ENABLE_PREVIEWS = YES;
				GENERATE_INFOPLIST_FILE = YES;
				INFOPLIST_KEY_NSLocationAlwaysAndWhenInUseUsageDescription = "Necesitamos conocer tu ubicación. Por favor, concedenos el acceso a tu ubicación.";
				INFOPLIST_KEY_UIApplicationSceneManifest_Generation = YES;
				INFOPLIST_KEY_UIApplicationSupportsIndirectInputEvents = YES;
				INFOPLIST_KEY_UILaunchScreen_Generation = YES;
				INFOPLIST_KEY_UISupportedInterfaceOrientations_iPad = "UIInterfaceOrientationPortrait UIInterfaceOrientationPortraitUpsideDown UIInterfaceOrientationLandscapeLeft UIInterfaceOrientationLandscapeRight";
				INFOPLIST_KEY_UISupportedInterfaceOrientations_iPhone = "UIInterfaceOrientationPortrait UIInterfaceOrientationLandscapeLeft UIInterfaceOrientationLandscapeRight";
				LD_RUNPATH_SEARCH_PATHS = (
					"$(inherited)",
					"@executable_path/Frameworks",
				);
				MARKETING_VERSION = 1.0;
				PRODUCT_BUNDLE_IDENTIFIER = danigm.DePropio;
				PRODUCT_NAME = "$(TARGET_NAME)";
				SWIFT_EMIT_LOC_STRINGS = YES;
				SWIFT_VERSION = 5.0;
				TARGETED_DEVICE_FAMILY = "1,2";
			};
			name = Release;
		};
		33CBB8FB2D80ADF8003582F2 /* Debug */ = {
			isa = XCBuildConfiguration;
			buildSettings = {
				ALWAYS_EMBED_SWIFT_STANDARD_LIBRARIES = YES;
				BUNDLE_LOADER = "$(TEST_HOST)";
				CODE_SIGN_STYLE = Automatic;
				CURRENT_PROJECT_VERSION = 1;
				DEVELOPMENT_TEAM = WN6PVN54U6;
				GENERATE_INFOPLIST_FILE = YES;
				IPHONEOS_DEPLOYMENT_TARGET = 17.2;
				MARKETING_VERSION = 1.0;
				PRODUCT_BUNDLE_IDENTIFIER = danigm.DePropioTests;
				PRODUCT_NAME = "$(TARGET_NAME)";
				SWIFT_EMIT_LOC_STRINGS = NO;
				SWIFT_VERSION = 5.0;
				TARGETED_DEVICE_FAMILY = "1,2";
				TEST_HOST = "$(BUILT_PRODUCTS_DIR)/DePropio.app/$(BUNDLE_EXECUTABLE_FOLDER_PATH)/DePropio";
			};
			name = Debug;
		};
		33CBB8FC2D80ADF8003582F2 /* Release */ = {
			isa = XCBuildConfiguration;
			buildSettings = {
				ALWAYS_EMBED_SWIFT_STANDARD_LIBRARIES = YES;
				BUNDLE_LOADER = "$(TEST_HOST)";
				CODE_SIGN_STYLE = Automatic;
				CURRENT_PROJECT_VERSION = 1;
				DEVELOPMENT_TEAM = WN6PVN54U6;
				GENERATE_INFOPLIST_FILE = YES;
				IPHONEOS_DEPLOYMENT_TARGET = 17.2;
				MARKETING_VERSION = 1.0;
				PRODUCT_BUNDLE_IDENTIFIER = danigm.DePropioTests;
				PRODUCT_NAME = "$(TARGET_NAME)";
				SWIFT_EMIT_LOC_STRINGS = NO;
				SWIFT_VERSION = 5.0;
				TARGETED_DEVICE_FAMILY = "1,2";
				TEST_HOST = "$(BUILT_PRODUCTS_DIR)/DePropio.app/$(BUNDLE_EXECUTABLE_FOLDER_PATH)/DePropio";
			};
			name = Release;
		};
		33CBB8FE2D80ADF8003582F2 /* Debug */ = {
			isa = XCBuildConfiguration;
			buildSettings = {
				ALWAYS_EMBED_SWIFT_STANDARD_LIBRARIES = YES;
				CODE_SIGN_STYLE = Automatic;
				CURRENT_PROJECT_VERSION = 1;
				DEVELOPMENT_TEAM = WN6PVN54U6;
				GENERATE_INFOPLIST_FILE = YES;
				MARKETING_VERSION = 1.0;
				PRODUCT_BUNDLE_IDENTIFIER = danigm.DePropioUITests;
				PRODUCT_NAME = "$(TARGET_NAME)";
				SWIFT_EMIT_LOC_STRINGS = NO;
				SWIFT_VERSION = 5.0;
				TARGETED_DEVICE_FAMILY = "1,2";
				TEST_TARGET_NAME = DePropio;
			};
			name = Debug;
		};
		33CBB8FF2D80ADF8003582F2 /* Release */ = {
			isa = XCBuildConfiguration;
			buildSettings = {
				ALWAYS_EMBED_SWIFT_STANDARD_LIBRARIES = YES;
				CODE_SIGN_STYLE = Automatic;
				CURRENT_PROJECT_VERSION = 1;
				DEVELOPMENT_TEAM = WN6PVN54U6;
				GENERATE_INFOPLIST_FILE = YES;
				MARKETING_VERSION = 1.0;
				PRODUCT_BUNDLE_IDENTIFIER = danigm.DePropioUITests;
				PRODUCT_NAME = "$(TARGET_NAME)";
				SWIFT_EMIT_LOC_STRINGS = NO;
				SWIFT_VERSION = 5.0;
				TARGETED_DEVICE_FAMILY = "1,2";
				TEST_TARGET_NAME = DePropio;
			};
			name = Release;
		};
/* End XCBuildConfiguration section */

/* Begin XCConfigurationList section */
		33CBB8CC2D80ADF6003582F2 /* Build configuration list for PBXProject "DePropio" */ = {
			isa = XCConfigurationList;
			buildConfigurations = (
				33CBB8F52D80ADF8003582F2 /* Debug */,
				33CBB8F62D80ADF8003582F2 /* Release */,
			);
			defaultConfigurationIsVisible = 0;
			defaultConfigurationName = Release;
		};
		33CBB8F72D80ADF8003582F2 /* Build configuration list for PBXNativeTarget "DePropio" */ = {
			isa = XCConfigurationList;
			buildConfigurations = (
				33CBB8F82D80ADF8003582F2 /* Debug */,
				33CBB8F92D80ADF8003582F2 /* Release */,
			);
			defaultConfigurationIsVisible = 0;
			defaultConfigurationName = Release;
		};
		33CBB8FA2D80ADF8003582F2 /* Build configuration list for PBXNativeTarget "DePropioTests" */ = {
			isa = XCConfigurationList;
			buildConfigurations = (
				33CBB8FB2D80ADF8003582F2 /* Debug */,
				33CBB8FC2D80ADF8003582F2 /* Release */,
			);
			defaultConfigurationIsVisible = 0;
			defaultConfigurationName = Release;
		};
		33CBB8FD2D80ADF8003582F2 /* Build configuration list for PBXNativeTarget "DePropioUITests" */ = {
			isa = XCConfigurationList;
			buildConfigurations = (
				33CBB8FE2D80ADF8003582F2 /* Debug */,
				33CBB8FF2D80ADF8003582F2 /* Release */,
			);
			defaultConfigurationIsVisible = 0;
			defaultConfigurationName = Release;
		};
/* End XCConfigurationList section */
	};
	rootObject = 33CBB8C92D80ADF6003582F2 /* Project object */;
}
